
Microsoft Visual Studio Solution File, Format Version 12.00
Project("{FAE04EC0-301F-11D3-BF4B-00C04F79EFBC}") = "weather-web", "weather-web\weather-web.csproj", "{0AF440C0-E352-475B-864E-63C24F251391}"
EndProject
Global
	GlobalSection(SolutionConfigurationPlatforms) = preSolution
		Debug|Any CPU = Debug|Any CPU
		Release|Any CPU = Release|Any CPU
	EndGlobalSection
	GlobalSection(ProjectConfigurationPlatforms) = postSolution
		{0AF440C0-E352-475B-864E-63C24F251391}.Debug|Any CPU.ActiveCfg = Debug|Any CPU
		{0AF440C0-E352-475B-864E-63C24F251391}.Debug|Any CPU.Build.0 = Debug|Any CPU
		{0AF440C0-E352-475B-864E-63C24F251391}.Release|Any CPU.ActiveCfg = Release|Any CPU
		{0AF440C0-E352-475B-864E-63C24F251391}.Release|Any CPU.Build.0 = Release|Any CPU
	EndGlobalSection
EndGlobal
